
Microsoft Visual Studio Solution File, Format Version 12.00
# Visual Studio 15
VisualStudioVersion = 15.0.27703.2042
MinimumVisualStudioVersion = 10.0.40219.1
Project("{8BC9CEB8-8B4A-11D0-8D11-00A0C91BC942}") = "TankWars", "TankWars\TankWars.vcxproj", "{CFAB04A5-A6E3-4436-ACBF-E505F6435874}"
EndProject
Global
	GlobalSection(SolutionConfigurationPlatforms) = preSolution
		Debug|x64 = Debug|x64
		Debug|x86 = Debug|x86
		Release|x64 = Release|x64
		Release|x86 = Release|x86
	EndGlobalSection
	GlobalSection(ProjectConfigurationPlatforms) = postSolution
		{CFAB04A5-A6E3-4436-ACBF-E505F6435874}.Debug|x64.ActiveCfg = Debug|x64
		{CFAB04A5-A6E3-4436-ACBF-E505F6435874}.Debug|x64.Build.0 = Debug|x64
		{CFAB04A5-A6E3-4436-ACBF-E505F6435874}.Debug|x86.ActiveCfg = Debug|Win32
		{CFAB04A5-A6E3-4436-ACBF-E505F6435874}.Debug|x86.Build.0 = Debug|Win32
		{CFAB04A5-A6E3-4436-ACBF-E505F6435874}.Release|x64.ActiveCfg = Release|x64
		{CFAB04A5-A6E3-4436-ACBF-E505F6435874}.Release|x64.Build.0 = Release|x64
		{CFAB04A5-A6E3-4436-ACBF-E505F6435874}.Release|x86.ActiveCfg = Release|Win32
		{CFAB04A5-A6E3-4436-ACBF-E505F6435874}.Release|x86.Build.0 = Release|Win32
	EndGlobalSection
	GlobalSection(SolutionProperties) = preSolution
		HideSolutionNode = FALSE
	EndGlobalSection
	GlobalSection(ExtensibilityGlobals) = postSolution
		SolutionGuid = {7C603B79-97AD-401C-98FA-6A39716A6920}
	EndGlobalSection
EndGlobal
